
Microsoft Visual Studio Solution File, Format Version 12.00
# Visual Studio Version 16
VisualStudioVersion = 16.0.30204.135
MinimumVisualStudioVersion = 10.0.40219.1
Project("{FAE04EC0-301F-11D3-BF4B-00C04F79EFBC}") = "DisplaySizeTestsWithNunit", "DisplaySizeTestsWithNunit.csproj", "{4D034AA9-3384-407C-A19E-5F21004882E9}"
EndProject
Global
	GlobalSection(SolutionConfigurationPlatforms) = preSolution
		Debug|Any CPU = Debug|Any CPU
		Release|Any CPU = Release|Any CPU
	EndGlobalSection
	GlobalSection(ProjectConfigurationPlatforms) = postSolution
		{4D034AA9-3384-407C-A19E-5F21004882E9}.Debug|Any CPU.ActiveCfg = Debug|Any CPU
		{4D034AA9-3384-407C-A19E-5F21004882E9}.Debug|Any CPU.Build.0 = Debug|Any CPU
		{4D034AA9-3384-407C-A19E-5F21004882E9}.Release|Any CPU.ActiveCfg = Release|Any CPU
		{4D034AA9-3384-407C-A19E-5F21004882E9}.Release|Any CPU.Build.0 = Release|Any CPU
	EndGlobalSection
	GlobalSection(SolutionProperties) = preSolution
		HideSolutionNode = FALSE
	EndGlobalSection
	GlobalSection(ExtensibilityGlobals) = postSolution
		SolutionGuid = {42E7AFE1-CB35-438F-AD8B-4A644C7B1619}
	EndGlobalSection
EndGlobal
